
Microsoft Visual Studio Solution File, Format Version 12.00
# Visual Studio Version 17
VisualStudioVersion = 17.7.34018.315
MinimumVisualStudioVersion = 10.0.40219.1
Project("{FAE04EC0-301F-11D3-BF4B-00C04F79EFBC}") = "AplicacionSeguros", "AplicacionSeguros\AplicacionSeguros.csproj", "{8C377DF2-B8BA-4682-8934-54D26B2C346F}"
EndProject
Global
	GlobalSection(SolutionConfigurationPlatforms) = preSolution
		Debug|Any CPU = Debug|Any CPU
		Release|Any CPU = Release|Any CPU
	EndGlobalSection
	GlobalSection(ProjectConfigurationPlatforms) = postSolution
		{8C377DF2-B8BA-4682-8934-54D26B2C346F}.Debug|Any CPU.ActiveCfg = Debug|Any CPU
		{8C377DF2-B8BA-4682-8934-54D26B2C346F}.Debug|Any CPU.Build.0 = Debug|Any CPU
		{8C377DF2-B8BA-4682-8934-54D26B2C346F}.Release|Any CPU.ActiveCfg = Release|Any CPU
		{8C377DF2-B8BA-4682-8934-54D26B2C346F}.Release|Any CPU.Build.0 = Release|Any CPU
	EndGlobalSection
	GlobalSection(SolutionProperties) = preSolution
		HideSolutionNode = FALSE
	EndGlobalSection
	GlobalSection(ExtensibilityGlobals) = postSolution
		SolutionGuid = {AADD18C2-BA2B-44B6-9246-75C9AE76E49B}
	EndGlobalSection
EndGlobal
